
Microsoft Visual Studio Solution File, Format Version 12.00
# Visual Studio Version 17
VisualStudioVersion = 17.3.32929.385
MinimumVisualStudioVersion = 10.0.40219.1
Project("{FAE04EC0-301F-11D3-BF4B-00C04F79EFBC}") = "EncoderTask", "EncoderTask.csproj", "{43A730E9-1A5A-4226-A45E-AD32A4EBAFD8}"
EndProject
Global
	GlobalSection(SolutionConfigurationPlatforms) = preSolution
		Debug|Any CPU = Debug|Any CPU
		Release|Any CPU = Release|Any CPU
	EndGlobalSection
	GlobalSection(ProjectConfigurationPlatforms) = postSolution
		{43A730E9-1A5A-4226-A45E-AD32A4EBAFD8}.Debug|Any CPU.ActiveCfg = Debug|Any CPU
		{43A730E9-1A5A-4226-A45E-AD32A4EBAFD8}.Debug|Any CPU.Build.0 = Debug|Any CPU
		{43A730E9-1A5A-4226-A45E-AD32A4EBAFD8}.Release|Any CPU.ActiveCfg = Release|Any CPU
		{43A730E9-1A5A-4226-A45E-AD32A4EBAFD8}.Release|Any CPU.Build.0 = Release|Any CPU
	EndGlobalSection
	GlobalSection(SolutionProperties) = preSolution
		HideSolutionNode = FALSE
	EndGlobalSection
	GlobalSection(ExtensibilityGlobals) = postSolution
		SolutionGuid = {4F8AC1F5-6A83-4E70-90BA-C63D3E30A516}
	EndGlobalSection
EndGlobal
